# This file was autogenerated by Stack.
# You should not edit this file by hand.
# For more information, please see the documentation at:
#   https://docs.haskellstack.org/en/stable/lock_files

packages:
- completed:
    hackage: gtk-0.14.6@sha256:9ee4878aacbf053b19db37f126de69fc869ae4394b568362582c23a3115ca5c5,16548
    pantry-tree:
      size: 21349
      sha256: f9658edc1f5842abd43c131ec88ddfe572c4acf5a6a26558501e5f811d128243
  original:
    hackage: gtk-0.14.6
snapshots:
- completed:
    size: 469970
    url: https://raw.githubusercontent.com/commercialhaskell/stackage-snapshots/master/lts/8/2.yaml
    sha256: bae03546114ba56e44d072b03442d31a997155966046cd07a17ef929b1990de6
  original: lts-8.2
